
Microsoft Visual Studio Solution File, Format Version 12.00
# Visual Studio Version 17
VisualStudioVersion = 17.1.32414.318
MinimumVisualStudioVersion = 10.0.40219.1
Project("{8BC9CEB8-8B4A-11D0-8D11-00A0C91BC942}") = "Lab3_4", "Lab3_4\Lab3_4.vcxproj", "{C733062A-7A7B-4EE4-912F-3559D464C27E}"
EndProject
Global
	GlobalSection(SolutionConfigurationPlatforms) = preSolution
		Debug|x64 = Debug|x64
		Debug|x86 = Debug|x86
		Release|x64 = Release|x64
		Release|x86 = Release|x86
	EndGlobalSection
	GlobalSection(ProjectConfigurationPlatforms) = postSolution
		{C733062A-7A7B-4EE4-912F-3559D464C27E}.Debug|x64.ActiveCfg = Debug|x64
		{C733062A-7A7B-4EE4-912F-3559D464C27E}.Debug|x64.Build.0 = Debug|x64
		{C733062A-7A7B-4EE4-912F-3559D464C27E}.Debug|x86.ActiveCfg = Debug|Win32
		{C733062A-7A7B-4EE4-912F-3559D464C27E}.Debug|x86.Build.0 = Debug|Win32
		{C733062A-7A7B-4EE4-912F-3559D464C27E}.Release|x64.ActiveCfg = Release|x64
		{C733062A-7A7B-4EE4-912F-3559D464C27E}.Release|x64.Build.0 = Release|x64
		{C733062A-7A7B-4EE4-912F-3559D464C27E}.Release|x86.ActiveCfg = Release|Win32
		{C733062A-7A7B-4EE4-912F-3559D464C27E}.Release|x86.Build.0 = Release|Win32
	EndGlobalSection
	GlobalSection(SolutionProperties) = preSolution
		HideSolutionNode = FALSE
	EndGlobalSection
	GlobalSection(ExtensibilityGlobals) = postSolution
		SolutionGuid = {3F3F709C-911E-4C18-B2CB-7E76D31D12AA}
	EndGlobalSection
EndGlobal
